<?xml version="1.0" encoding="utf-8"?>
<Project ToolsVersion="4.0" xmlns="http://schemas.microsoft.com/developer/msbuild/2003">
  <ItemGroup>
    <Filter Include="헤더 파일">
      <UniqueIdentifier>{93995380-89BD-4b04-88EB-625FBE52EBFB}</UniqueIdentifier>
      <Extensions>h;hh;hpp;hxx;hm;inl;inc;ipp;xsd</Extensions>
    </Filter>
    <Filter Include="리소스 파일">
      <UniqueIdentifier>{67DA6AB6-F800-4c08-8B7A-83BB121AAD01}</UniqueIdentifier>
      <Extensions>rc;ico;cur;bmp;dlg;rc2;rct;bin;rgs;gif;jpg;jpeg;jpe;resx;tiff;tif;png;wav;mfcribbon-ms</Extensions>
    </Filter>
    <Filter Include="2DFramework">
      <UniqueIdentifier>{771b621e-ae3b-474c-b610-ddc16a0a360f}</UniqueIdentifier>
    </Filter>
    <Filter Include="2DFramework\singletonBase">
      <UniqueIdentifier>{39a0cede-90e4-4e9a-bd8c-8466c02fcc50}</UniqueIdentifier>
    </Filter>
    <Filter Include="PlayGround">
      <UniqueIdentifier>{e37d5369-ec86-4a52-8402-8a314525fb73}</UniqueIdentifier>
    </Filter>
    <Filter Include="2DFramework\Manager">
      <UniqueIdentifier>{793f1ed7-4eab-4a98-beb1-b6c6e0c4a84d}</UniqueIdentifier>
    </Filter>
    <Filter Include="2DFramework\utils">
      <UniqueIdentifier>{dbd96bab-f7e3-4042-b857-1813c2d20e4d}</UniqueIdentifier>
    </Filter>
    <Filter Include="2DFramework\image">
      <UniqueIdentifier>{bcf31d47-2a1e-46e0-a51a-d6382eef19b2}</UniqueIdentifier>
    </Filter>
    <Filter Include="소스 파일">
      <UniqueIdentifier>{4FC737F1-C7A5-4376-A066-2A32D752A2FF}</UniqueIdentifier>
      <Extensions>cpp;c;cc;cxx;def;odl;idl;hpj;bat;asm;asmx</Extensions>
    </Filter>
    <Filter Include="2DFramework\timer">
      <UniqueIdentifier>{a0265716-2e25-4e4e-b39c-5ffe93544b5e}</UniqueIdentifier>
    </Filter>
    <Filter Include="2DFramework\txtData">
      <UniqueIdentifier>{c1d72300-ff87-4c0b-930a-8b8b9abebb9e}</UniqueIdentifier>
    </Filter>
    <Filter Include="2DFramework\action">
      <UniqueIdentifier>{bf4876ac-b433-4305-ab75-69a2c1e7adde}</UniqueIdentifier>
    </Filter>
    <Filter Include="2DFramework\animation">
      <UniqueIdentifier>{c9be62ad-2100-428a-b933-248575dff170}</UniqueIdentifier>
    </Filter>
    <Filter Include="2DFramework\button">
      <UniqueIdentifier>{f04acabe-84cc-43ad-9830-9917275fa472}</UniqueIdentifier>
    </Filter>
    <Filter Include="2DFramework\effect">
      <UniqueIdentifier>{6c16437b-1960-48f5-bd50-52809067e246}</UniqueIdentifier>
    </Filter>
    <Filter Include="2DFramework\Manager\font">
      <UniqueIdentifier>{f009092f-1b68-4317-b4cd-87a928eabfc2}</UniqueIdentifier>
    </Filter>
    <Filter Include="PlayGround\camera">
      <UniqueIdentifier>{411658ea-c87c-4119-a62f-1966e33e45a6}</UniqueIdentifier>
    </Filter>
    <Filter Include="PlayGround\mapTool">
      <UniqueIdentifier>{6fc4ad5f-820b-4cd5-a707-5708dabed8f4}</UniqueIdentifier>
    </Filter>
    <Filter Include="PlayGround\item">
      <UniqueIdentifier>{bf02c4ba-61fe-4f18-bab4-efce04f37434}</UniqueIdentifier>
    </Filter>
    <Filter Include="PlayGround\enemy">
      <UniqueIdentifier>{be6f1b1c-c55b-408b-9225-61734795bffe}</UniqueIdentifier>
    </Filter>
    <Filter Include="PlayGround\player">
      <UniqueIdentifier>{83c92bf7-f4be-492d-a500-a20b2c827feb}</UniqueIdentifier>
    </Filter>
    <Filter Include="PlayGround\scene">
      <UniqueIdentifier>{954e22e2-2df7-4a60-8996-24dc32a4bd83}</UniqueIdentifier>
    </Filter>
    <Filter Include="PlayGround\scene\mapToolScene">
      <UniqueIdentifier>{bbd1b1b7-3090-41df-b28d-09c26751c54f}</UniqueIdentifier>
    </Filter>
    <Filter Include="PlayGround\dataInfo">
      <UniqueIdentifier>{9dc1512b-9bef-4aca-8853-bdb163e18915}</UniqueIdentifier>
    </Filter>
    <Filter Include="PlayGround\item\getherItem">
      <UniqueIdentifier>{7af78acc-1ccf-49dc-8eaa-c05e721e67b3}</UniqueIdentifier>
    </Filter>
    <Filter Include="PlayGround\item\getherItem\weapon">
      <UniqueIdentifier>{a9fcd504-5554-432d-9831-6fb373185d0e}</UniqueIdentifier>
    </Filter>
    <Filter Include="PlayGround\item\getherItem\shovel">
      <UniqueIdentifier>{2ed2c749-845b-4305-a81b-02ce3c1bb77d}</UniqueIdentifier>
    </Filter>
    <Filter Include="PlayGround\대빵">
      <UniqueIdentifier>{ab60129a-ecb7-4a06-9391-805bded8c5b3}</UniqueIdentifier>
    </Filter>
    <Filter Include="PlayGround\object">
      <UniqueIdentifier>{e16261d4-638a-4e63-bd86-893a3a88274c}</UniqueIdentifier>
    </Filter>
    <Filter Include="PlayGround\object\floor">
      <UniqueIdentifier>{a3f94219-a513-4ab6-88b7-a1250d30ed3d}</UniqueIdentifier>
    </Filter>
    <Filter Include="PlayGround\object\wall">
      <UniqueIdentifier>{eeaeffe2-98a5-4719-8915-a4f77f950a6e}</UniqueIdentifier>
    </Filter>
    <Filter Include="PlayGround\item\getherItem\armor">
      <UniqueIdentifier>{3f9bab06-5547-482c-88bf-7df3de09ce29}</UniqueIdentifier>
    </Filter>
    <Filter Include="PlayGround\item\getherItem\torch">
      <UniqueIdentifier>{29938fdd-6f51-4b7c-8584-bc78f9a19bec}</UniqueIdentifier>
    </Filter>
  </ItemGroup>
  <ItemGroup>
    <ClInclude Include="stdafx.h">
      <Filter>헤더 파일</Filter>
    </ClInclude>
    <ClInclude Include="targetver.h">
      <Filter>헤더 파일</Filter>
    </ClInclude>
    <ClInclude Include="Resource.h">
      <Filter>헤더 파일</Filter>
    </ClInclude>
    <ClInclude Include="singletonBase.h">
      <Filter>2DFramework\singletonBase</Filter>
    </ClInclude>
    <ClInclude Include="randomFunction.h">
      <Filter>헤더 파일</Filter>
    </ClInclude>
    <ClInclude Include="gameNode.h">
      <Filter>2DFramework</Filter>
    </ClInclude>
    <ClInclude Include="keyManager.h">
      <Filter>2DFramework\Manager</Filter>
    </ClInclude>
    <ClInclude Include="image.h">
      <Filter>2DFramework\image</Filter>
    </ClInclude>
    <ClInclude Include="utils.h">
      <Filter>2DFramework\utils</Filter>
    </ClInclude>
    <ClInclude Include="imageManager.h">
      <Filter>2DFramework\Manager</Filter>
    </ClInclude>
    <ClInclude Include="playGround.h">
      <Filter>PlayGround</Filter>
    </ClInclude>
    <ClInclude Include="d2dManager.h">
      <Filter>2DFramework\Manager</Filter>
    </ClInclude>
    <ClInclude Include="txtData.h">
      <Filter>2DFramework\txtData</Filter>
    </ClInclude>
    <ClInclude Include="timer.h">
      <Filter>2DFramework\timer</Filter>
    </ClInclude>
    <ClInclude Include="timeManager.h">
      <Filter>2DFramework\Manager</Filter>
    </ClInclude>
    <ClInclude Include="animation.h">
      <Filter>2DFramework\animation</Filter>
    </ClInclude>
    <ClInclude Include="action.h">
      <Filter>2DFramework\action</Filter>
    </ClInclude>
    <ClInclude Include="sceneManager.h">
      <Filter>2DFramework\Manager</Filter>
    </ClInclude>
    <ClInclude Include="button.h">
      <Filter>2DFramework\button</Filter>
    </ClInclude>
    <ClInclude Include="effect.h">
      <Filter>2DFramework\effect</Filter>
    </ClInclude>
    <ClInclude Include="keyAniManager.h">
      <Filter>2DFramework\Manager</Filter>
    </ClInclude>
    <ClInclude Include="iniDataManager.h">
      <Filter>2DFramework\Manager</Filter>
    </ClInclude>
    <ClInclude Include="soundManager.h">
      <Filter>2DFramework\Manager</Filter>
    </ClInclude>
    <ClInclude Include="fontLoaderCommon.h">
      <Filter>2DFramework\Manager\font</Filter>
    </ClInclude>
    <ClInclude Include="fontLoader.h">
      <Filter>2DFramework\Manager\font</Filter>
    </ClInclude>
    <ClInclude Include="effectManager.h">
      <Filter>2DFramework\Manager</Filter>
    </ClInclude>
    <ClInclude Include="camera.h">
      <Filter>PlayGround\camera</Filter>
    </ClInclude>
    <ClInclude Include="parentObj.h">
      <Filter>PlayGround\대빵</Filter>
    </ClInclude>
    <ClInclude Include="mapTool.h">
      <Filter>PlayGround\mapTool</Filter>
    </ClInclude>
    <ClInclude Include="enemyInfomation.h">
      <Filter>PlayGround\enemy</Filter>
    </ClInclude>
    <ClInclude Include="objectManager.h">
      <Filter>2DFramework\Manager</Filter>
    </ClInclude>
    <ClInclude Include="player.h">
      <Filter>PlayGround\player</Filter>
    </ClInclude>
    <ClInclude Include="mapToolScene.h">
      <Filter>PlayGround\scene\mapToolScene</Filter>
    </ClInclude>
    <ClInclude Include="tileNode.h">
      <Filter>PlayGround\dataInfo</Filter>
    </ClInclude>
    <ClInclude Include="Infomation.h">
      <Filter>PlayGround\dataInfo</Filter>
    </ClInclude>
    <ClInclude Include="testMapScene.h">
      <Filter>PlayGround\scene</Filter>
    </ClInclude>
    <ClInclude Include="floorZone_01.h">
      <Filter>PlayGround\object\floor</Filter>
    </ClInclude>
    <ClInclude Include="item.h">
      <Filter>PlayGround\item</Filter>
    </ClInclude>
    <ClInclude Include="weapon_dagger_basic.h">
      <Filter>PlayGround\item\getherItem\weapon</Filter>
    </ClInclude>
    <ClInclude Include="shovel_basic.h">
      <Filter>PlayGround\item\getherItem\shovel</Filter>
    </ClInclude>
    <ClInclude Include="wall.h">
      <Filter>PlayGround\object\wall</Filter>
    </ClInclude>
    <ClInclude Include="wallZone_01.h">
      <Filter>PlayGround\object\wall</Filter>
    </ClInclude>
    <ClInclude Include="enemy.h">
      <Filter>PlayGround\enemy</Filter>
    </ClInclude>
    <ClInclude Include="enemy_skeleton.h">
      <Filter>PlayGround\enemy</Filter>
    </ClInclude>
    <ClInclude Include="wallZone_02.h">
      <Filter>PlayGround\object\wall</Filter>
    </ClInclude>
    <ClInclude Include="wallShop.h">
      <Filter>PlayGround\object\wall</Filter>
    </ClInclude>
    <ClInclude Include="wallShop_Cracked.h">
      <Filter>PlayGround\object\wall</Filter>
    </ClInclude>
    <ClInclude Include="wallStone_01.h">
      <Filter>PlayGround\object\wall</Filter>
    </ClInclude>
    <ClInclude Include="wallStone_02.h">
      <Filter>PlayGround\object\wall</Filter>
    </ClInclude>
    <ClInclude Include="wallCatacomb.h">
      <Filter>PlayGround\object\wall</Filter>
    </ClInclude>
    <ClInclude Include="wallStone_Cracked_01.h">
      <Filter>PlayGround\object\wall</Filter>
    </ClInclude>
    <ClInclude Include="wallBoss.h">
      <Filter>PlayGround\object\wall</Filter>
    </ClInclude>
    <ClInclude Include="wallStone_Cracked_02.h">
      <Filter>PlayGround\object\wall</Filter>
    </ClInclude>
    <ClInclude Include="wallDoor_front.h">
      <Filter>PlayGround\object\wall</Filter>
    </ClInclude>
    <ClInclude Include="wallDoor_side.h">
      <Filter>PlayGround\object\wall</Filter>
    </ClInclude>
    <ClInclude Include="wallEnd.h">
      <Filter>PlayGround\object\wall</Filter>
    </ClInclude>
    <ClInclude Include="floorStair.h">
      <Filter>PlayGround\object\floor</Filter>
    </ClInclude>
    <ClInclude Include="armor_Gi.h">
      <Filter>PlayGround\item\getherItem\armor</Filter>
    </ClInclude>
    <ClInclude Include="floorStair_nothing.h">
      <Filter>PlayGround\object\floor</Filter>
    </ClInclude>
    <ClInclude Include="loadingScene.h">
      <Filter>PlayGround\scene</Filter>
    </ClInclude>
    <ClInclude Include="progressBar.h">
      <Filter>2DFramework</Filter>
    </ClInclude>
    <ClInclude Include="armor_leather.h">
      <Filter>PlayGround\item\getherItem\armor</Filter>
    </ClInclude>
    <ClInclude Include="armor_chainmail.h">
      <Filter>PlayGround\item\getherItem\armor</Filter>
    </ClInclude>
    <ClInclude Include="armor_heavyplate.h">
      <Filter>PlayGround\item\getherItem\armor</Filter>
    </ClInclude>
    <ClInclude Include="armor_platemail.h">
      <Filter>PlayGround\item\getherItem\armor</Filter>
    </ClInclude>
    <ClInclude Include="armor_glass.h">
      <Filter>PlayGround\item\getherItem\armor</Filter>
    </ClInclude>
    <ClInclude Include="armor_obsidian.h">
      <Filter>PlayGround\item\getherItem\armor</Filter>
    </ClInclude>
    <ClInclude Include="torch_basic.h">
      <Filter>PlayGround\item\getherItem\torch</Filter>
    </ClInclude>
    <ClInclude Include="enemy_shopkeeper.h">
      <Filter>헤더 파일</Filter>
    </ClInclude>
    <ClInclude Include="floorZone_02.h">
      <Filter>PlayGround\object\floor</Filter>
    </ClInclude>
    <ClInclude Include="floorBoss.h">
      <Filter>PlayGround\object\floor</Filter>
    </ClInclude>
    <ClInclude Include="floorShop.h">
      <Filter>PlayGround\object\floor</Filter>
    </ClInclude>
    <ClInclude Include="floorWater.h">
      <Filter>PlayGround\object\floor</Filter>
    </ClInclude>
    <ClInclude Include="weapon_broadsword_basic.h">
      <Filter>헤더 파일</Filter>
    </ClInclude>
  </ItemGroup>
  <ItemGroup>
    <ClCompile Include="stdafx.cpp">
      <Filter>소스 파일</Filter>
    </ClCompile>
    <ClCompile Include="windowsAPI.cpp">
      <Filter>소스 파일</Filter>
    </ClCompile>
    <ClCompile Include="gameNode.cpp">
      <Filter>2DFramework</Filter>
    </ClCompile>
    <ClCompile Include="playGround.cpp">
      <Filter>PlayGround</Filter>
    </ClCompile>
    <ClCompile Include="keyManager.cpp">
      <Filter>2DFramework\Manager</Filter>
    </ClCompile>
    <ClCompile Include="image.cpp">
      <Filter>2DFramework\image</Filter>
    </ClCompile>
    <ClCompile Include="utils.cpp">
      <Filter>2DFramework\utils</Filter>
    </ClCompile>
    <ClCompile Include="imageManager.cpp">
      <Filter>2DFramework\Manager</Filter>
    </ClCompile>
    <ClCompile Include="d2dManager.cpp">
      <Filter>2DFramework\Manager</Filter>
    </ClCompile>
    <ClCompile Include="txtData.cpp">
      <Filter>2DFramework\txtData</Filter>
    </ClCompile>
    <ClCompile Include="timer.cpp">
      <Filter>2DFramework\timer</Filter>
    </ClCompile>
    <ClCompile Include="timeManager.cpp">
      <Filter>2DFramework\Manager</Filter>
    </ClCompile>
    <ClCompile Include="animation.cpp">
      <Filter>2DFramework\animation</Filter>
    </ClCompile>
    <ClCompile Include="action.cpp">
      <Filter>2DFramework\action</Filter>
    </ClCompile>
    <ClCompile Include="sceneManager.cpp">
      <Filter>2DFramework\Manager</Filter>
    </ClCompile>
    <ClCompile Include="button.cpp">
      <Filter>2DFramework\button</Filter>
    </ClCompile>
    <ClCompile Include="effect.cpp">
      <Filter>2DFramework\effect</Filter>
    </ClCompile>
    <ClCompile Include="iniDataManager.cpp">
      <Filter>2DFramework\Manager</Filter>
    </ClCompile>
    <ClCompile Include="keyAniManager.cpp">
      <Filter>2DFramework\Manager</Filter>
    </ClCompile>
    <ClCompile Include="soundManager.cpp">
      <Filter>2DFramework\Manager</Filter>
    </ClCompile>
    <ClCompile Include="fontLoader.cpp">
      <Filter>2DFramework\Manager\font</Filter>
    </ClCompile>
    <ClCompile Include="effectManager.cpp">
      <Filter>2DFramework\Manager</Filter>
    </ClCompile>
    <ClCompile Include="camera.cpp">
      <Filter>PlayGround\camera</Filter>
    </ClCompile>
    <ClCompile Include="parentObj.cpp">
      <Filter>PlayGround\대빵</Filter>
    </ClCompile>
    <ClCompile Include="mapTool.cpp">
      <Filter>PlayGround\mapTool</Filter>
    </ClCompile>
    <ClCompile Include="objectManager.cpp">
      <Filter>2DFramework\Manager</Filter>
    </ClCompile>
    <ClCompile Include="player.cpp">
      <Filter>PlayGround\player</Filter>
    </ClCompile>
    <ClCompile Include="mapToolScene.cpp">
      <Filter>PlayGround\scene\mapToolScene</Filter>
    </ClCompile>
    <ClCompile Include="testMapScene.cpp">
      <Filter>PlayGround\scene</Filter>
    </ClCompile>
    <ClCompile Include="floorZone_01.cpp">
      <Filter>PlayGround\object\floor</Filter>
    </ClCompile>
    <ClCompile Include="item.cpp">
      <Filter>PlayGround\item</Filter>
    </ClCompile>
    <ClCompile Include="weapon_dagger_basic.cpp">
      <Filter>PlayGround\item\getherItem\weapon</Filter>
    </ClCompile>
    <ClCompile Include="shovel_basic.cpp">
      <Filter>PlayGround\item\getherItem\shovel</Filter>
    </ClCompile>
    <ClCompile Include="wall.cpp">
      <Filter>PlayGround\object\wall</Filter>
    </ClCompile>
    <ClCompile Include="wallZone_01.cpp">
      <Filter>PlayGround\object\wall</Filter>
    </ClCompile>
    <ClCompile Include="enemy.cpp">
      <Filter>PlayGround\enemy</Filter>
    </ClCompile>
    <ClCompile Include="enemy_skeleton.cpp">
      <Filter>PlayGround\enemy</Filter>
    </ClCompile>
    <ClCompile Include="wallZone_02.cpp">
      <Filter>PlayGround\object\wall</Filter>
    </ClCompile>
    <ClCompile Include="wallShop.cpp">
      <Filter>PlayGround\object\wall</Filter>
    </ClCompile>
    <ClCompile Include="wallShop_Cracked.cpp">
      <Filter>PlayGround\object\wall</Filter>
    </ClCompile>
    <ClCompile Include="wallStone_01.cpp">
      <Filter>PlayGround\object\wall</Filter>
    </ClCompile>
    <ClCompile Include="wallStone_02.cpp">
      <Filter>PlayGround\object\wall</Filter>
    </ClCompile>
    <ClCompile Include="wallCatacomb.cpp">
      <Filter>PlayGround\object\wall</Filter>
    </ClCompile>
    <ClCompile Include="wallStone_Cracked_01.cpp">
      <Filter>PlayGround\object\wall</Filter>
    </ClCompile>
    <ClCompile Include="wallBoss.cpp">
      <Filter>PlayGround\object\wall</Filter>
    </ClCompile>
    <ClCompile Include="wallStone_Cracked_02.cpp">
      <Filter>PlayGround\object\wall</Filter>
    </ClCompile>
    <ClCompile Include="wallEnd.cpp">
      <Filter>PlayGround\object\wall</Filter>
    </ClCompile>
    <ClCompile Include="wallDoor_side.cpp">
      <Filter>PlayGround\object\wall</Filter>
    </ClCompile>
    <ClCompile Include="wallDoor_front.cpp">
      <Filter>PlayGround\object\wall</Filter>
    </ClCompile>
    <ClCompile Include="floorStair.cpp">
      <Filter>PlayGround\object\floor</Filter>
    </ClCompile>
    <ClCompile Include="armor_Gi.cpp">
      <Filter>PlayGround\item\getherItem\armor</Filter>
    </ClCompile>
    <ClCompile Include="floorStair_nothing.cpp">
      <Filter>PlayGround\object\floor</Filter>
    </ClCompile>
    <ClCompile Include="loadingScene.cpp">
      <Filter>PlayGround\scene</Filter>
    </ClCompile>
    <ClCompile Include="progressBar.cpp">
      <Filter>2DFramework</Filter>
    </ClCompile>
    <ClCompile Include="armor_leather.cpp">
      <Filter>PlayGround\item\getherItem\armor</Filter>
    </ClCompile>
    <ClCompile Include="armor_chainmail.cpp">
      <Filter>PlayGround\item\getherItem\armor</Filter>
    </ClCompile>
    <ClCompile Include="armor_heavyplate.cpp">
      <Filter>PlayGround\item\getherItem\armor</Filter>
    </ClCompile>
    <ClCompile Include="armor_platemail.cpp">
      <Filter>PlayGround\item\getherItem\armor</Filter>
    </ClCompile>
    <ClCompile Include="armor_glass.cpp">
      <Filter>PlayGround\item\getherItem\armor</Filter>
    </ClCompile>
    <ClCompile Include="armor_obsidian.cpp">
      <Filter>PlayGround\item\getherItem\armor</Filter>
    </ClCompile>
    <ClCompile Include="torch_basic.cpp">
      <Filter>PlayGround\item\getherItem\torch</Filter>
    </ClCompile>
    <ClCompile Include="enemy_shopkeeper.cpp">
      <Filter>소스 파일</Filter>
    </ClCompile>
    <ClCompile Include="floorZone_02.cpp">
      <Filter>PlayGround\object\floor</Filter>
    </ClCompile>
    <ClCompile Include="floorBoss.cpp">
      <Filter>PlayGround\object\floor</Filter>
    </ClCompile>
    <ClCompile Include="floorShop.cpp">
      <Filter>PlayGround\object\floor</Filter>
    </ClCompile>
    <ClCompile Include="floorWater.cpp">
      <Filter>PlayGround\object\floor</Filter>
    </ClCompile>
    <ClCompile Include="weapon_broadsword_basic.cpp">
      <Filter>소스 파일</Filter>
    </ClCompile>
  </ItemGroup>
  <ItemGroup>
    <ResourceCompile Include="windowsAPI.rc">
      <Filter>리소스 파일</Filter>
    </ResourceCompile>
  </ItemGroup>
  <ItemGroup>
    <Image Include="small.ico">
      <Filter>리소스 파일</Filter>
    </Image>
    <Image Include="windowsAPI.ico">
      <Filter>리소스 파일</Filter>
    </Image>
  </ItemGroup>
  <ItemGroup>
    <None Include="a.cur">
      <Filter>리소스 파일</Filter>
    </None>
    <None Include="b.cur">
      <Filter>리소스 파일</Filter>
    </None>
    <None Include="c.cur">
      <Filter>리소스 파일</Filter>
    </None>
    <None Include="d.cur">
      <Filter>리소스 파일</Filter>
    </None>
  </ItemGroup>
</Project>